version = 1
revision = 3
requires-python = ">=3.11"

[[package]]
name = "colorama"
version = "0.4.6"
source = { registry = "https://pypi.org/simple" }
sdist = { url = "https://files.pythonhosted.org/packages/d8/53/6f443c9a4a8358a93a6792e2acffb9d9d5cb0a5cfd8802644b7b1c9a02e4/colorama-0.4.6.tar.gz", hash = "sha256:08695f5cb7ed6e0531a20572697297273c47b8cae5a63ffc6d6ed5c201be6e44", size = 27697, upload-time = "2022-10-25T02:36:22.414Z" }
wheels = [
    { url = "https://files.pythonhosted.org/packages/d1/d6/3965ed04c63042e047cb6a3e6ed1a63a35087b6a609aa3a15ed8ac56c221/colorama-0.4.6-py2.py3-none-any.whl", hash = "sha256:4f1d9991f5acc0ca119f9d443620b77f9d6b33703e51011c16baf57afb285fc6", size = 25335, upload-time = "2022-10-25T02:36:20.889Z" },
]

[[package]]
name = "defusedxml"
version = "0.7.1"
source = { registry = "https://pypi.org/simple" }
sdist = { url = "https://files.pythonhosted.org/packages/0f/d5/c66da9b79e5bdb124974bfe172b4daf3c984ebd9c2a06e2b8a4dc7331c72/defusedxml-0.7.1.tar.gz", hash = "sha256:1bb3032db185915b62d7c6209c5a8792be6a32ab2fedacc84e01b52c51aa3e69", size = 75520, upload-time = "2021-03-08T10:59:26.269Z" }
wheels = [
    { url = "https://files.pythonhosted.org/packages/07/6c/aa3f2f849e01cb6a001cd8554a88d4c77c5c1a31c95bdf1cf9301e6d9ef4/defusedxml-0.7.1-py2.py3-none-any.whl", hash = "sha256:a352e7e428770286cc899e2542b6cdaedb2b4953ff269a210103ec58f6198a61", size = 25604, upload-time = "2021-03-08T10:59:24.45Z" },
]

[[package]]
name = "iniconfig"
version = "2.3.0"
source = { registry = "https://pypi.org/simple" }
sdist = { url = "https://files.pythonhosted.org/packages/72/34/14ca021ce8e5dfedc35312d08ba8bf51fdd999c576889fc2c24cb97f4f10/iniconfig-2.3.0.tar.gz", hash = "sha256:c76315c77db068650d49c5b56314774a7804df16fee4402c1f19d6d15d8c4730", size = 20503, upload-time = "2025-10-18T21:55:43.219Z" }
wheels = [
    { url = "https://files.pythonhosted.org/packages/cb/b1/3846dd7f199d53cb17f49cba7e651e9ce294d8497c8c150530ed11865bb8/iniconfig-2.3.0-py3-none-any.whl", hash = "sha256:f631c04d2c48c52b84d0d0549c99ff3859c98df65b3101406327ecc7d53fbf12", size = 7484, upload-time = "2025-10-18T21:55:41.639Z" },
]

[[package]]
name = "packaging"
version = "26.2"
source = { registry = "https://pypi.org/simple" }
sdist = { url = "https://files.pythonhosted.org/packages/d7/f1/e7a6dd94a8d4a5626c03e4e99c87f241ba9e350cd9e6d75123f992427270/packaging-26.2.tar.gz", hash = "sha256:ff452ff5a3e828ce110190feff1178bb1f2ea2281fa2075aadb987c2fb221661", size = 228134, upload-time = "2026-04-24T20:15:23.917Z" }
wheels = [
    { url = "https://files.pythonhosted.org/packages/df/b2/87e62e8c3e2f4b32e5fe99e0b86d576da1312593b39f47d8ceef365e95ed/packaging-26.2-py3-none-any.whl", hash = "sha256:5fc45236b9446107ff2415ce77c807cee2862cb6fac22b8a73826d0693b0980e", size = 100195, upload-time = "2026-04-24T20:15:22.081Z" },
]

[[package]]
name = "pluggy"
version = "1.6.0"
source = { registry = "https://pypi.org/simple" }
sdist = { url = "https://files.pythonhosted.org/packages/f9/e2/3e91f31a7d2b083fe6ef3fa267035b518369d9511ffab804f839851d2779/pluggy-1.6.0.tar.gz", hash = "sha256:7dcc130b76258d33b90f61b658791dede3486c3e6bfb003ee5c9bfb396dd22f3", size = 69412, upload-time = "2025-05-15T12:30:07.975Z" }
wheels = [
    { url = "https://files.pythonhosted.org/packages/54/20/4d324d65cc6d9205fabedc306948156824eb9f0ee1633355a8f7ec5c66bf/pluggy-1.6.0-py3-none-any.whl", hash = "sha256:e920276dd6813095e9377c0bc5566d94c932c33b27a3e3945d8389c374dd4746", size = 20538, upload-time = "2025-05-15T12:30:06.134Z" },
]

[[package]]
name = "pymupdf"
version = "1.27.2.3"
source = { registry = "https://pypi.org/simple" }
sdist = { url = "https://files.pythonhosted.org/packages/22/32/708bedc9dde7b328d45abbc076091769d44f2f24ad151ad92d56a6ec142b/pymupdf-1.27.2.3.tar.gz", hash = "sha256:7a92faa25129e8bbec5e50eeb9214f187665428c31b05c4ef6e36c58c0b1c6d2", size = 85759618, upload-time = "2026-04-24T14:13:14.42Z" }
wheels = [
    { url = "https://files.pythonhosted.org/packages/dc/09/ddbdfa7ee91fbabd6f63d7d744884cbdfe3e7ff9b8604749fb38bddf5c5d/pymupdf-1.27.2.3-cp310-abi3-macosx_10_9_x86_64.whl", hash = "sha256:fc1bc3cae6e9e150b0dbb0a9221bdfd411d65f0db2fe359eaa22467d7cc2a05f", size = 24002636, upload-time = "2026-04-24T14:09:17.459Z" },
    { url = "https://files.pythonhosted.org/packages/01/89/3f8edd6c4f50ca370e2a2f2a3011face36f3760728ffe76dffec91c0fca0/pymupdf-1.27.2.3-cp310-abi3-macosx_11_0_arm64.whl", hash = "sha256:660d93cb6da5bbddf11d3982ae27745dd3a9902d9f24cdb69adab83962294b5a", size = 23278238, upload-time = "2026-04-24T14:09:32.882Z" },
    { url = "https://files.pythonhosted.org/packages/c3/26/b7e5a70eb83bd189f8b5df87ec442746b992f2f632662839b288170d357d/pymupdf-1.27.2.3-cp310-abi3-manylinux_2_28_aarch64.whl", hash = "sha256:1dd460a3ae4597a755f00a3bd9771f5ebf1531dc111f6a36bf05dd00a6b84425", size = 24333923, upload-time = "2026-04-24T14:09:47.341Z" },
    { url = "https://files.pythonhosted.org/packages/e4/a0/aa1ee2240f29481a04a827c313333b4ecd8a14d6ac3e15d3f41a30574781/pymupdf-1.27.2.3-cp310-abi3-manylinux_2_28_x86_64.whl", hash = "sha256:857842b4888827bd6155a1131341b2822a7ebe9a8c15a975fd7d490d7a64a30c", size = 24963198, upload-time = "2026-04-24T14:10:07.408Z" },
    { url = "https://files.pythonhosted.org/packages/69/49/4f742451f980840829fc00ba158bebb25d389c846d8f4f8c65936ee55de8/pymupdf-1.27.2.3-cp310-abi3-musllinux_1_2_x86_64.whl", hash = "sha256:580983849c64a08d08344ca3d1580e87c01f046a8392421797bc850efd72a5b6", size = 25184609, upload-time = "2026-04-24T14:10:22.911Z" },
    { url = "https://files.pythonhosted.org/packages/f6/3f/3853d6608f394faf6eec2bd4e8ea9f6a00beea329b071abdb29f4164cc3d/pymupdf-1.27.2.3-cp310-abi3-win32.whl", hash = "sha256:a5c1088a87189891a4946ab314a14b7934ac4c5b6077f7e74ebee956f8906d0e", size = 18019286, upload-time = "2026-04-24T14:10:34.239Z" },
    { url = "https://files.pythonhosted.org/packages/44/47/5fb10fe73f96b31253a41647c362ea9e0380920bddf16028414a051247fc/pymupdf-1.27.2.3-cp310-abi3-win_amd64.whl", hash = "sha256:d20f68ef15195e073071dbc4ae7455257c7889af7584e39df490c0a92728526e", size = 19249102, upload-time = "2026-04-24T14:10:46.72Z" },
    { url = "https://files.pythonhosted.org/packages/53/a4/b9e91aac82293f9c954654c85581ee8212b5b05efadc534b581141241e6f/pymupdf-1.27.2.3-cp314-cp314t-manylinux_2_28_x86_64.whl", hash = "sha256:77691604c5d1d0233827139bbcdea61fd57879c84712b8e49b1f45520f7ab9c2", size = 25000393, upload-time = "2026-04-24T14:11:01.669Z" },
]

[[package]]
name = "pytest"
version = "8.3.4"
source = { registry = "https://pypi.org/simple" }
dependencies = [
    { name = "colorama", marker = "sys_platform == 'win32'" },
    { name = "iniconfig" },
    { name = "packaging" },
    { name = "pluggy" },
]
sdist = { url = "https://files.pythonhosted.org/packages/05/35/30e0d83068951d90a01852cb1cef56e5d8a09d20c7f511634cc2f7e0372a/pytest-8.3.4.tar.gz", hash = "sha256:965370d062bce11e73868e0335abac31b4d3de0e82f4007408d242b4f8610761", size = 1445919, upload-time = "2024-12-01T12:54:25.98Z" }
wheels = [
    { url = "https://files.pythonhosted.org/packages/11/92/76a1c94d3afee238333bc0a42b82935dd8f9cf8ce9e336ff87ee14d9e1cf/pytest-8.3.4-py3-none-any.whl", hash = "sha256:50e16d954148559c9a74109af1eaf0c945ba2d8f30f0a3d3335edde19788b6f6", size = 343083, upload-time = "2024-12-01T12:54:19.735Z" },
]

[[package]]
name = "relution-policy-workbench-tools"
version = "0.1.0"
source = { virtual = "." }
dependencies = [
    { name = "defusedxml" },
    { name = "pymupdf" },
]

[package.dev-dependencies]
dev = [
    { name = "pytest" },
    { name = "ruff" },
]

[package.metadata]
requires-dist = [
    { name = "defusedxml", specifier = ">=0.7,<1" },
    { name = "pymupdf", specifier = ">=1.27,<2" },
]

[package.metadata.requires-dev]
dev = [
    { name = "pytest", specifier = "==8.3.4" },
    { name = "ruff", specifier = "==0.14.14" },
]

[[package]]
name = "ruff"
version = "0.14.14"
source = { registry = "https://pypi.org/simple" }
sdist = { url = "https://files.pythonhosted.org/packages/2e/06/f71e3a86b2df0dfa2d2f72195941cd09b44f87711cb7fa5193732cb9a5fc/ruff-0.14.14.tar.gz", hash = "sha256:2d0f819c9a90205f3a867dbbd0be083bee9912e170fd7d9704cc8ae45824896b", size = 4515732, upload-time = "2026-01-22T22:30:17.527Z" }
wheels = [
    { url = "https://files.pythonhosted.org/packages/d2/89/20a12e97bc6b9f9f68343952da08a8099c57237aef953a56b82711d55edd/ruff-0.14.14-py3-none-linux_armv6l.whl", hash = "sha256:7cfe36b56e8489dee8fbc777c61959f60ec0f1f11817e8f2415f429552846aed", size = 10467650, upload-time = "2026-01-22T22:30:08.578Z" },
    { url = "https://files.pythonhosted.org/packages/a3/b1/c5de3fd2d5a831fcae21beda5e3589c0ba67eec8202e992388e4b17a6040/ruff-0.14.14-py3-none-macosx_10_12_x86_64.whl", hash = "sha256:6006a0082336e7920b9573ef8a7f52eec837add1265cc74e04ea8a4368cd704c", size = 10883245, upload-time = "2026-01-22T22:30:04.155Z" },
    { url = "https://files.pythonhosted.org/packages/b8/7c/3c1db59a10e7490f8f6f8559d1db8636cbb13dccebf18686f4e3c9d7c772/ruff-0.14.14-py3-none-macosx_11_0_arm64.whl", hash = "sha256:026c1d25996818f0bf498636686199d9bd0d9d6341c9c2c3b62e2a0198b758de", size = 10231273, upload-time = "2026-01-22T22:30:34.642Z" },
    { url = "https://files.pythonhosted.org/packages/a1/6e/5e0e0d9674be0f8581d1f5e0f0a04761203affce3232c1a1189d0e3b4dad/ruff-0.14.14-py3-none-manylinux_2_17_aarch64.manylinux2014_aarch64.whl", hash = "sha256:f666445819d31210b71e0a6d1c01e24447a20b85458eea25a25fe8142210ae0e", size = 10585753, upload-time = "2026-01-22T22:30:31.781Z" },
    { url = "https://files.pythonhosted.org/packages/23/09/754ab09f46ff1884d422dc26d59ba18b4e5d355be147721bb2518aa2a014/ruff-0.14.14-py3-none-manylinux_2_17_armv7l.manylinux2014_armv7l.whl", hash = "sha256:3c0f18b922c6d2ff9a5e6c3ee16259adc513ca775bcf82c67ebab7cbd9da5bc8", size = 10286052, upload-time = "2026-01-22T22:30:24.827Z" },
    { url = "https://files.pythonhosted.org/packages/c8/cc/e71f88dd2a12afb5f50733851729d6b571a7c3a35bfdb16c3035132675a0/ruff-0.14.14-py3-none-manylinux_2_17_i686.manylinux2014_i686.whl", hash = "sha256:1629e67489c2dea43e8658c3dba659edbfd87361624b4040d1df04c9740ae906", size = 11043637, upload-time = "2026-01-22T22:30:13.239Z" },
    { url = "https://files.pythonhosted.org/packages/67/b2/397245026352494497dac935d7f00f1468c03a23a0c5db6ad8fc49ca3fb2/ruff-0.14.14-py3-none-manylinux_2_17_ppc64.manylinux2014_ppc64.whl", hash = "sha256:27493a2131ea0f899057d49d303e4292b2cae2bb57253c1ed1f256fbcd1da480", size = 12194761, upload-time = "2026-01-22T22:30:22.542Z" },
    { url = "https://files.pythonhosted.org/packages/5b/06/06ef271459f778323112c51b7587ce85230785cd64e91772034ddb88f200/ruff-0.14.14-py3-none-manylinux_2_17_ppc64le.manylinux2014_ppc64le.whl", hash = "sha256:01ff589aab3f5b539e35db38425da31a57521efd1e4ad1ae08fc34dbe30bd7df", size = 12005701, upload-time = "2026-01-22T22:30:20.499Z" },
    { url = "https://files.pythonhosted.org/packages/41/d6/99364514541cf811ccc5ac44362f88df66373e9fec1b9d1c4cc830593fe7/ruff-0.14.14-py3-none-manylinux_2_17_s390x.manylinux2014_s390x.whl", hash = "sha256:1cc12d74eef0f29f51775f5b755913eb523546b88e2d733e1d701fe65144e89b", size = 11282455, upload-time = "2026-01-22T22:29:59.679Z" },
    { url = "https://files.pythonhosted.org/packages/ca/71/37daa46f89475f8582b7762ecd2722492df26421714a33e72ccc9a84d7a5/ruff-0.14.14-py3-none-manylinux_2_17_x86_64.manylinux2014_x86_64.whl", hash = "sha256:bb8481604b7a9e75eff53772496201690ce2687067e038b3cc31aaf16aa0b974", size = 11215882, upload-time = "2026-01-22T22:29:57.032Z" },
    { url = "https://files.pythonhosted.org/packages/2c/10/a31f86169ec91c0705e618443ee74ede0bdd94da0a57b28e72db68b2dbac/ruff-0.14.14-py3-none-manylinux_2_31_riscv64.whl", hash = "sha256:14649acb1cf7b5d2d283ebd2f58d56b75836ed8c6f329664fa91cdea19e76e66", size = 11180549, upload-time = "2026-01-22T22:30:27.175Z" },
    { url = "https://files.pythonhosted.org/packages/fd/1e/c723f20536b5163adf79bdd10c5f093414293cdf567eed9bdb7b83940f3f/ruff-0.14.14-py3-none-musllinux_1_2_aarch64.whl", hash = "sha256:e8058d2145566510790eab4e2fad186002e288dec5e0d343a92fe7b0bc1b3e13", size = 10543416, upload-time = "2026-01-22T22:30:01.964Z" },
    { url = "https://files.pythonhosted.org/packages/3e/34/8a84cea7e42c2d94ba5bde1d7a4fae164d6318f13f933d92da6d7c2041ff/ruff-0.14.14-py3-none-musllinux_1_2_armv7l.whl", hash = "sha256:e651e977a79e4c758eb807f0481d673a67ffe53cfa92209781dfa3a996cf8412", size = 10285491, upload-time = "2026-01-22T22:30:29.51Z" },
    { url = "https://files.pythonhosted.org/packages/55/ef/b7c5ea0be82518906c978e365e56a77f8de7678c8bb6651ccfbdc178c29f/ruff-0.14.14-py3-none-musllinux_1_2_i686.whl", hash = "sha256:cc8b22da8d9d6fdd844a68ae937e2a0adf9b16514e9a97cc60355e2d4b219fc3", size = 10733525, upload-time = "2026-01-22T22:30:06.499Z" },
    { url = "https://files.pythonhosted.org/packages/6a/5b/aaf1dfbcc53a2811f6cc0a1759de24e4b03e02ba8762daabd9b6bd8c59e3/ruff-0.14.14-py3-none-musllinux_1_2_x86_64.whl", hash = "sha256:16bc890fb4cc9781bb05beb5ab4cd51be9e7cb376bf1dd3580512b24eb3fda2b", size = 11315626, upload-time = "2026-01-22T22:30:36.848Z" },
    { url = "https://files.pythonhosted.org/packages/2c/aa/9f89c719c467dfaf8ad799b9bae0df494513fb21d31a6059cb5870e57e74/ruff-0.14.14-py3-none-win32.whl", hash = "sha256:b530c191970b143375b6a68e6f743800b2b786bbcf03a7965b06c4bf04568167", size = 10502442, upload-time = "2026-01-22T22:30:38.93Z" },
    { url = "https://files.pythonhosted.org/packages/87/44/90fa543014c45560cae1fffc63ea059fb3575ee6e1cb654562197e5d16fb/ruff-0.14.14-py3-none-win_amd64.whl", hash = "sha256:3dde1435e6b6fe5b66506c1dff67a421d0b7f6488d466f651c07f4cab3bf20fd", size = 11630486, upload-time = "2026-01-22T22:30:10.852Z" },
    { url = "https://files.pythonhosted.org/packages/9e/6a/40fee331a52339926a92e17ae748827270b288a35ef4a15c9c8f2ec54715/ruff-0.14.14-py3-none-win_arm64.whl", hash = "sha256:56e6981a98b13a32236a72a8da421d7839221fa308b223b9283312312e5ac76c", size = 10920448, upload-time = "2026-01-22T22:30:15.417Z" },
]
